// !$*UTF8*$!
{
	archiveVersion = 1;
	classes = {
	};
	objectVersion = 56;
	objects = {

/* Begin PBXBuildFile section */
		3131F2B52AF434590007FE96 /* AppDelegate.swift in Sources */ = {isa = PBXBuildFile; fileRef = 3131F2B42AF434590007FE96 /* AppDelegate.swift */; };
		3131F2B72AF434590007FE96 /* SceneDelegate.swift in Sources */ = {isa = PBXBuildFile; fileRef = 3131F2B62AF434590007FE96 /* SceneDelegate.swift */; };
		3131F2B92AF434590007FE96 /* ViewController.swift in Sources */ = {isa = PBXBuildFile; fileRef = 3131F2B82AF434590007FE96 /* ViewController.swift */; };
		3131F2BC2AF434590007FE96 /* Main.storyboard in Resources */ = {isa = PBXBuildFile; fileRef = 3131F2BA2AF434590007FE96 /* Main.storyboard */; };
		3131F2BE2AF4345A0007FE96 /* Assets.xcassets in Resources */ = {isa = PBXBuildFile; fileRef = 3131F2BD2AF4345A0007FE96 /* Assets.xcassets */; };
		3131F2C12AF4345A0007FE96 /* LaunchScreen.storyboard in Resources */ = {isa = PBXBuildFile; fileRef = 3131F2BF2AF4345A0007FE96 /* LaunchScreen.storyboard */; };
		3131F2CC2AF4345A0007FE96 /* CustomAlertViewTests.swift in Sources */ = {isa = PBXBuildFile; fileRef = 3131F2CB2AF4345A0007FE96 /* CustomAlertViewTests.swift */; };
		3131F2D62AF4345A0007FE96 /* CustomAlertViewUITests.swift in Sources */ = {isa = PBXBuildFile; fileRef = 3131F2D52AF4345A0007FE96 /* CustomAlertViewUITests.swift */; };
		3131F2D82AF4345A0007FE96 /* CustomAlertViewUITestsLaunchTests.swift in Sources */ = {isa = PBXBuildFile; fileRef = 3131F2D72AF4345A0007FE96 /* CustomAlertViewUITestsLaunchTests.swift */; };
/* End PBXBuildFile section */

/* Begin PBXContainerItemProxy section */
		3131F2C82AF4345A0007FE96 /* PBXContainerItemProxy */ = {
			isa = PBXContainerItemProxy;
			containerPortal = 3131F2A92AF434590007FE96 /* Project object */;
			proxyType = 1;
			remoteGlobalIDString = 3131F2B02AF434590007FE96;
			remoteInfo = CustomAlertView;
		};
		3131F2D22AF4345A0007FE96 /* PBXContainerItemProxy */ = {
			isa = PBXContainerItemProxy;
			containerPortal = 3131F2A92AF434590007FE96 /* Project object */;
			proxyType = 1;
			remoteGlobalIDString = 3131F2B02AF434590007FE96;
			remoteInfo = CustomAlertView;
		};
/* End PBXContainerItemProxy section */

/* Begin PBXFileReference section */
		3131F2B12AF434590007FE96 /* CustomAlertView.app */ = {isa = PBXFileReference; explicitFileType = wrapper.application; includeInIndex = 0; path = CustomAlertView.app; sourceTree = BUILT_PRODUCTS_DIR; };
		3131F2B42AF434590007FE96 /* AppDelegate.swift */ = {isa = PBXFileReference; lastKnownFileType = sourcecode.swift; path = AppDelegate.swift; sourceTree = "<group>"; };
		3131F2B62AF434590007FE96 /* SceneDelegate.swift */ = {isa = PBXFileReference; lastKnownFileType = sourcecode.swift; path = SceneDelegate.swift; sourceTree = "<group>"; };
		3131F2B82AF434590007FE96 /* ViewController.swift */ = {isa = PBXFileReference; lastKnownFileType = sourcecode.swift; path = ViewController.swift; sourceTree = "<group>"; };
		3131F2BB2AF434590007FE96 /* Base */ = {isa = PBXFileReference; lastKnownFileType = file.storyboard; name = Base; path = Base.lproj/Main.storyboard; sourceTree = "<group>"; };
		3131F2BD2AF4345A0007FE96 /* Assets.xcassets */ = {isa = PBXFileReference; lastKnownFileType = folder.assetcatalog; path = Assets.xcassets; sourceTree = "<group>"; };
		3131F2C02AF4345A0007FE96 /* Base */ = {isa = PBXFileReference; lastKnownFileType = file.storyboard; name = Base; path = Base.lproj/LaunchScreen.storyboard; sourceTree = "<group>"; };
		3131F2C22AF4345A0007FE96 /* Info.plist */ = {isa = PBXFileReference; lastKnownFileType = text.plist.xml; path = Info.plist; sourceTree = "<group>"; };
		3131F2C72AF4345A0007FE96 /* CustomAlertViewTests.xctest */ = {isa = PBXFileReference; explicitFileType = wrapper.cfbundle; includeInIndex = 0; path = CustomAlertViewTests.xctest; sourceTree = BUILT_PRODUCTS_DIR; };
		3131F2CB2AF4345A0007FE96 /* CustomAlertViewTests.swift */ = {isa = PBXFileReference; lastKnownFileType = sourcecode.swift; path = CustomAlertViewTests.swift; sourceTree = "<group>"; };
		3131F2D12AF4345A0007FE96 /* CustomAlertViewUITests.xctest */ = {isa = PBXFileReference; explicitFileType = wrapper.cfbundle; includeInIndex = 0; path = CustomAlertViewUITests.xctest; sourceTree = BUILT_PRODUCTS_DIR; };
		3131F2D52AF4345A0007FE96 /* CustomAlertViewUITests.swift */ = {isa = PBXFileReference; lastKnownFileType = sourcecode.swift; path = CustomAlertViewUITests.swift; sourceTree = "<group>"; };
		3131F2D72AF4345A0007FE96 /* CustomAlertViewUITestsLaunchTests.swift */ = {isa = PBXFileReference; lastKnownFileType = sourcecode.swift; path = CustomAlertViewUITestsLaunchTests.swift; sourceTree = "<group>"; };
/* End PBXFileReference section */

/* Begin PBXFrameworksBuildPhase section */
		3131F2AE2AF434590007FE96 /* Frameworks */ = {
			isa = PBXFrameworksBuildPhase;
			buildActionMask = 2147483647;
			files = (
			);
			runOnlyForDeploymentPostprocessing = 0;
		};
		3131F2C42AF4345A0007FE96 /* Frameworks */ = {
			isa = PBXFrameworksBuildPhase;
			buildActionMask = 2147483647;
			files = (
			);
			runOnlyForDeploymentPostprocessing = 0;
		};
		3131F2CE2AF4345A0007FE96 /* Frameworks */ = {
			isa = PBXFrameworksBuildPhase;
			buildActionMask = 2147483647;
			files = (
			);
			runOnlyForDeploymentPostprocessing = 0;
		};
/* End PBXFrameworksBuildPhase section */

/* Begin PBXGroup section */
		3131F2A82AF434590007FE96 = {
			isa = PBXGroup;
			children = (
				3131F2B32AF434590007FE96 /* CustomAlertView */,
				3131F2CA2AF4345A0007FE96 /* CustomAlertViewTests */,
				3131F2D42AF4345A0007FE96 /* CustomAlertViewUITests */,
				3131F2B22AF434590007FE96 /* Products */,
			);
			sourceTree = "<group>";
		};
		3131F2B22AF434590007FE96 /* Products */ = {
			isa = PBXGroup;
			children = (
				3131F2B12AF434590007FE96 /* CustomAlertView.app */,
				3131F2C72AF4345A0007FE96 /* CustomAlertViewTests.xctest */,
				3131F2D12AF4345A0007FE96 /* CustomAlertViewUITests.xctest */,
			);
			name = Products;
			sourceTree = "<group>";
		};
		3131F2B32AF434590007FE96 /* CustomAlertView */ = {
			isa = PBXGroup;
			children = (
				3131F2B42AF434590007FE96 /* AppDelegate.swift */,
				3131F2B62AF434590007FE96 /* SceneDelegate.swift */,
				3131F2B82AF434590007FE96 /* ViewController.swift */,
				3131F2BA2AF434590007FE96 /* Main.storyboard */,
				3131F2BD2AF4345A0007FE96 /* Assets.xcassets */,
				3131F2BF2AF4345A0007FE96 /* LaunchScreen.storyboard */,
				3131F2C22AF4345A0007FE96 /* Info.plist */,
			);
			path = CustomAlertView;
			sourceTree = "<group>";
		};
		3131F2CA2AF4345A0007FE96 /* CustomAlertViewTests */ = {
			isa = PBXGroup;
			children = (
				3131F2CB2AF4345A0007FE96 /* CustomAlertViewTests.swift */,
			);
			path = CustomAlertViewTests;
			sourceTree = "<group>";
		};
		3131F2D42AF4345A0007FE96 /* CustomAlertViewUITests */ = {
			isa = PBXGroup;
			children = (
				3131F2D52AF4345A0007FE96 /* CustomAlertViewUITests.swift */,
				3131F2D72AF4345A0007FE96 /* CustomAlertViewUITestsLaunchTests.swift */,
			);
			path = CustomAlertViewUITests;
			sourceTree = "<group>";
		};
/* End PBXGroup section */

/* Begin PBXNativeTarget section */
		3131F2B02AF434590007FE96 /* CustomAlertView */ = {
			isa = PBXNativeTarget;
			buildConfigurationList = 3131F2DB2AF4345A0007FE96 /* Build configuration list for PBXNativeTarget "CustomAlertView" */;
			buildPhases = (
				3131F2AD2AF434590007FE96 /* Sources */,
				3131F2AE2AF434590007FE96 /* Frameworks */,
				3131F2AF2AF434590007FE96 /* Resources */,
			);
			buildRules = (
			);
			dependencies = (
			);
			name = CustomAlertView;
			productName = CustomAlertView;
			productReference = 3131F2B12AF434590007FE96 /* CustomAlertView.app */;
			productType = "com.apple.product-type.application";
		};
		3131F2C62AF4345A0007FE96 /* CustomAlertViewTests */ = {
			isa = PBXNativeTarget;
			buildConfigurationList = 3131F2DE2AF4345A0007FE96 /* Build configuration list for PBXNativeTarget "CustomAlertViewTests" */;
			buildPhases = (
				3131F2C32AF4345A0007FE96 /* Sources */,
				3131F2C42AF4345A0007FE96 /* Frameworks */,
				3131F2C52AF4345A0007FE96 /* Resources */,
			);
			buildRules = (
			);
			dependencies = (
				3131F2C92AF4345A0007FE96 /* PBXTargetDependency */,
			);
			name = CustomAlertViewTests;
			productName = CustomAlertViewTests;
			productReference = 3131F2C72AF4345A0007FE96 /* CustomAlertViewTests.xctest */;
			productType = "com.apple.product-type.bundle.unit-test";
		};
		3131F2D02AF4345A0007FE96 /* CustomAlertViewUITests */ = {
			isa = PBXNativeTarget;
			buildConfigurationList = 3131F2E12AF4345A0007FE96 /* Build configuration list for PBXNativeTarget "CustomAlertViewUITests" */;
			buildPhases = (
				3131F2CD2AF4345A0007FE96 /* Sources */,
				3131F2CE2AF4345A0007FE96 /* Frameworks */,
				3131F2CF2AF4345A0007FE96 /* Resources */,
			);
			buildRules = (
			);
			dependencies = (
				3131F2D32AF4345A0007FE96 /* PBXTargetDependency */,
			);
			name = CustomAlertViewUITests;
			productName = CustomAlertViewUITests;
			productReference = 3131F2D12AF4345A0007FE96 /* CustomAlertViewUITests.xctest */;
			productType = "com.apple.product-type.bundle.ui-testing";
		};
/* End PBXNativeTarget section */

/* Begin PBXProject section */
		3131F2A92AF434590007FE96 /* Project object */ = {
			isa = PBXProject;
			attributes = {
				BuildIndependentTargetsInParallel = 1;
				LastSwiftUpdateCheck = 1500;
				LastUpgradeCheck = 1500;
				TargetAttributes = {
					3131F2B02AF434590007FE96 = {
						CreatedOnToolsVersion = 15.0;
					};
					3131F2C62AF4345A0007FE96 = {
						CreatedOnToolsVersion = 15.0;
						TestTargetID = 3131F2B02AF434590007FE96;
					};
					3131F2D02AF4345A0007FE96 = {
						CreatedOnToolsVersion = 15.0;
						TestTargetID = 3131F2B02AF434590007FE96;
					};
				};
			};
			buildConfigurationList = 3131F2AC2AF434590007FE96 /* Build configuration list for PBXProject "CustomAlertView" */;
			compatibilityVersion = "Xcode 14.0";
			developmentRegion = en;
			hasScannedForEncodings = 0;
			knownRegions = (
				en,
				Base,
			);
			mainGroup = 3131F2A82AF434590007FE96;
			productRefGroup = 3131F2B22AF434590007FE96 /* Products */;
			projectDirPath = "";
			projectRoot = "";
			targets = (
				3131F2B02AF434590007FE96 /* CustomAlertView */,
				3131F2C62AF4345A0007FE96 /* CustomAlertViewTests */,
				3131F2D02AF4345A0007FE96 /* CustomAlertViewUITests */,
			);
		};
/* End PBXProject section */

/* Begin PBXResourcesBuildPhase section */
		3131F2AF2AF434590007FE96 /* Resources */ = {
			isa = PBXResourcesBuildPhase;
			buildActionMask = 2147483647;
			files = (
				3131F2C12AF4345A0007FE96 /* LaunchScreen.storyboard in Resources */,
				3131F2BE2AF4345A0007FE96 /* Assets.xcassets in Resources */,
				3131F2BC2AF434590007FE96 /* Main.storyboard in Resources */,
			);
			runOnlyForDeploymentPostprocessing = 0;
		};
		3131F2C52AF4345A0007FE96 /* Resources */ = {
			isa = PBXResourcesBuildPhase;
			buildActionMask = 2147483647;
			files = (
			);
			runOnlyForDeploymentPostprocessing = 0;
		};
		3131F2CF2AF4345A0007FE96 /* Resources */ = {
			isa = PBXResourcesBuildPhase;
			buildActionMask = 2147483647;
			files = (
			);
			runOnlyForDeploymentPostprocessing = 0;
		};
/* End PBXResourcesBuildPhase section */

/* Begin PBXSourcesBuildPhase section */
		3131F2AD2AF434590007FE96 /* Sources */ = {
			isa = PBXSourcesBuildPhase;
			buildActionMask = 2147483647;
			files = (
				3131F2B92AF434590007FE96 /* ViewController.swift in Sources */,
				3131F2B52AF434590007FE96 /* AppDelegate.swift in Sources */,
				3131F2B72AF434590007FE96 /* SceneDelegate.swift in Sources */,
			);
			runOnlyForDeploymentPostprocessing = 0;
		};
		3131F2C32AF4345A0007FE96 /* Sources */ = {
			isa = PBXSourcesBuildPhase;
			buildActionMask = 2147483647;
			files = (
				3131F2CC2AF4345A0007FE96 /* CustomAlertViewTests.swift in Sources */,
			);
			runOnlyForDeploymentPostprocessing = 0;
		};
		3131F2CD2AF4345A0007FE96 /* Sources */ = {
			isa = PBXSourcesBuildPhase;
			buildActionMask = 2147483647;
			files = (
				3131F2D62AF4345A0007FE96 /* CustomAlertViewUITests.swift in Sources */,
				3131F2D82AF4345A0007FE96 /* CustomAlertViewUITestsLaunchTests.swift in Sources */,
			);
			runOnlyForDeploymentPostprocessing = 0;
		};
/* End PBXSourcesBuildPhase section */

/* Begin PBXTargetDependency section */
		3131F2C92AF4345A0007FE96 /* PBXTargetDependency */ = {
			isa = PBXTargetDependency;
			target = 3131F2B02AF434590007FE96 /* CustomAlertView */;
			targetProxy = 3131F2C82AF4345A0007FE96 /* PBXContainerItemProxy */;
		};
		3131F2D32AF4345A0007FE96 /* PBXTargetDependency */ = {
			isa = PBXTargetDependency;
			target = 3131F2B02AF434590007FE96 /* CustomAlertView */;
			targetProxy = 3131F2D22AF4345A0007FE96 /* PBXContainerItemProxy */;
		};
/* End PBXTargetDependency section */

/* Begin PBXVariantGroup section */
		3131F2BA2AF434590007FE96 /* Main.storyboard */ = {
			isa = PBXVariantGroup;
			children = (
				3131F2BB2AF434590007FE96 /* Base */,
			);
			name = Main.storyboard;
			sourceTree = "<group>";
		};
		3131F2BF2AF4345A0007FE96 /* LaunchScreen.storyboard */ = {
			isa = PBXVariantGroup;
			children = (
				3131F2C02AF4345A0007FE96 /* Base */,
			);
			name = LaunchScreen.storyboard;
			sourceTree = "<group>";
		};
/* End PBXVariantGroup section */

/* Begin XCBuildConfiguration section */
		3131F2D92AF4345A0007FE96 /* Debug */ = {
			isa = XCBuildConfiguration;
			buildSettings = {
				ALWAYS_SEARCH_USER_PATHS = NO;
				ASSETCATALOG_COMPILER_GENERATE_SWIFT_ASSET_SYMBOL_EXTENSIONS = YES;
				CLANG_ANALYZER_NONNULL = YES;
				CLANG_ANALYZER_NUMBER_OBJECT_CONVERSION = YES_AGGRESSIVE;
				CLANG_CXX_LANGUAGE_STANDARD = "gnu++20";
				CLANG_ENABLE_MODULES = YES;
				CLANG_ENABLE_OBJC_ARC = YES;
				CLANG_ENABLE_OBJC_WEAK = YES;
				CLANG_WARN_BLOCK_CAPTURE_AUTORELEASING = YES;
				CLANG_WARN_BOOL_CONVERSION = YES;
				CLANG_WARN_COMMA = YES;
				CLANG_WARN_CONSTANT_CONVERSION = YES;
				CLANG_WARN_DEPRECATED_OBJC_IMPLEMENTATIONS = YES;
				CLANG_WARN_DIRECT_OBJC_ISA_USAGE = YES_ERROR;
				CLANG_WARN_DOCUMENTATION_COMMENTS = YES;
				CLANG_WARN_EMPTY_BODY = YES;
				CLANG_WARN_ENUM_CONVERSION = YES;
				CLANG_WARN_INFINITE_RECURSION = YES;
				CLANG_WARN_INT_CONVERSION = YES;
				CLANG_WARN_NON_LITERAL_NULL_CONVERSION = YES;
				CLANG_WARN_OBJC_IMPLICIT_RETAIN_SELF = YES;
				CLANG_WARN_OBJC_LITERAL_CONVERSION = YES;
				CLANG_WARN_OBJC_ROOT_CLASS = YES_ERROR;
				CLANG_WARN_QUOTED_INCLUDE_IN_FRAMEWORK_HEADER = YES;
				CLANG_WARN_RANGE_LOOP_ANALYSIS = YES;
				CLANG_WARN_STRICT_PROTOTYPES = YES;
				CLANG_WARN_SUSPICIOUS_MOVE = YES;
				CLANG_WARN_UNGUARDED_AVAILABILITY = YES_AGGRESSIVE;
				CLANG_WARN_UNREACHABLE_CODE = YES;
				CLANG_WARN__DUPLICATE_METHOD_MATCH = YES;
				COPY_PHASE_STRIP = NO;
				DEBUG_INFORMATION_FORMAT = dwarf;
				ENABLE_STRICT_OBJC_MSGSEND = YES;
				ENABLE_TESTABILITY = YES;
				ENABLE_USER_SCRIPT_SANDBOXING = YES;
				GCC_C_LANGUAGE_STANDARD = gnu17;
				GCC_DYNAMIC_NO_PIC = NO;
				GCC_NO_COMMON_BLOCKS = YES;
				GCC_OPTIMIZATION_LEVEL = 0;
				GCC_PREPROCESSOR_DEFINITIONS = (
					"DEBUG=1",
					"$(inherited)",
				);
				GCC_WARN_64_TO_32_BIT_CONVERSION = YES;
				GCC_WARN_ABOUT_RETURN_TYPE = YES_ERROR;
				GCC_WARN_UNDECLARED_SELECTOR = YES;
				GCC_WARN_UNINITIALIZED_AUTOS = YES_AGGRESSIVE;
				GCC_WARN_UNUSED_FUNCTION = YES;
				GCC_WARN_UNUSED_VARIABLE = YES;
				IPHONEOS_DEPLOYMENT_TARGET = 17.0;
				LOCALIZATION_PREFERS_STRING_CATALOGS = YES;
				MTL_ENABLE_DEBUG_INFO = INCLUDE_SOURCE;
				MTL_FAST_MATH = YES;
				ONLY_ACTIVE_ARCH = YES;
				SDKROOT = iphoneos;
				SWIFT_ACTIVE_COMPILATION_CONDITIONS = "DEBUG $(inherited)";
				SWIFT_OPTIMIZATION_LEVEL = "-Onone";
			};
			name = Debug;
		};
		3131F2DA2AF4345A0007FE96 /* Release */ = {
			isa = XCBuildConfiguration;
			buildSettings = {
				ALWAYS_SEARCH_USER_PATHS = NO;
				ASSETCATALOG_COMPILER_GENERATE_SWIFT_ASSET_SYMBOL_EXTENSIONS = YES;
				CLANG_ANALYZER_NONNULL = YES;
				CLANG_ANALYZER_NUMBER_OBJECT_CONVERSION = YES_AGGRESSIVE;
				CLANG_CXX_LANGUAGE_STANDARD = "gnu++20";
				CLANG_ENABLE_MODULES = YES;
				CLANG_ENABLE_OBJC_ARC = YES;
				CLANG_ENABLE_OBJC_WEAK = YES;
				CLANG_WARN_BLOCK_CAPTURE_AUTORELEASING = YES;
				CLANG_WARN_BOOL_CONVERSION = YES;
				CLANG_WARN_COMMA = YES;
				CLANG_WARN_CONSTANT_CONVERSION = YES;
				CLANG_WARN_DEPRECATED_OBJC_IMPLEMENTATIONS = YES;
				CLANG_WARN_DIRECT_OBJC_ISA_USAGE = YES_ERROR;
				CLANG_WARN_DOCUMENTATION_COMMENTS = YES;
				CLANG_WARN_EMPTY_BODY = YES;
				CLANG_WARN_ENUM_CONVERSION = YES;
				CLANG_WARN_INFINITE_RECURSION = YES;
				CLANG_WARN_INT_CONVERSION = YES;
				CLANG_WARN_NON_LITERAL_NULL_CONVERSION = YES;
				CLANG_WARN_OBJC_IMPLICIT_RETAIN_SELF = YES;
				CLANG_WARN_OBJC_LITERAL_CONVERSION = YES;
				CLANG_WARN_OBJC_ROOT_CLASS = YES_ERROR;
				CLANG_WARN_QUOTED_INCLUDE_IN_FRAMEWORK_HEADER = YES;
				CLANG_WARN_RANGE_LOOP_ANALYSIS = YES;
				CLANG_WARN_STRICT_PROTOTYPES = YES;
				CLANG_WARN_SUSPICIOUS_MOVE = YES;
				CLANG_WARN_UNGUARDED_AVAILABILITY = YES_AGGRESSIVE;
				CLANG_WARN_UNREACHABLE_CODE = YES;
				CLANG_WARN__DUPLICATE_METHOD_MATCH = YES;
				COPY_PHASE_STRIP = NO;
				DEBUG_INFORMATION_FORMAT = "dwarf-with-dsym";
				ENABLE_NS_ASSERTIONS = NO;
				ENABLE_STRICT_OBJC_MSGSEND = YES;
				ENABLE_USER_SCRIPT_SANDBOXING = YES;
				GCC_C_LANGUAGE_STANDARD = gnu17;
				GCC_NO_COMMON_BLOCKS = YES;
				GCC_WARN_64_TO_32_BIT_CONVERSION = YES;
				GCC_WARN_ABOUT_RETURN_TYPE = YES_ERROR;
				GCC_WARN_UNDECLARED_SELECTOR = YES;
				GCC_WARN_UNINITIALIZED_AUTOS = YES_AGGRESSIVE;
				GCC_WARN_UNUSED_FUNCTION = YES;
				GCC_WARN_UNUSED_VARIABLE = YES;
				IPHONEOS_DEPLOYMENT_TARGET = 17.0;
				LOCALIZATION_PREFERS_STRING_CATALOGS = YES;
				MTL_ENABLE_DEBUG_INFO = NO;
				MTL_FAST_MATH = YES;
				SDKROOT = iphoneos;
				SWIFT_COMPILATION_MODE = wholemodule;
				VALIDATE_PRODUCT = YES;
			};
			name = Release;
		};
		3131F2DC2AF4345A0007FE96 /* Debug */ = {
			isa = XCBuildConfiguration;
			buildSettings = {
				ASSETCATALOG_COMPILER_APPICON_NAME = AppIcon;
				ASSETCATALOG_COMPILER_GLOBAL_ACCENT_COLOR_NAME = AccentColor;
				CODE_SIGN_STYLE = Automatic;
				CURRENT_PROJECT_VERSION = 1;
				GENERATE_INFOPLIST_FILE = YES;
				INFOPLIST_FILE = CustomAlertView/Info.plist;
				INFOPLIST_KEY_UIApplicationSupportsIndirectInputEvents = YES;
				INFOPLIST_KEY_UILaunchStoryboardName = LaunchScreen;
				INFOPLIST_KEY_UIMainStoryboardFile = Main;
				INFOPLIST_KEY_UISupportedInterfaceOrientations_iPad = "UIInterfaceOrientationPortrait UIInterfaceOrientationPortraitUpsideDown UIInterfaceOrientationLandscapeLeft UIInterfaceOrientationLandscapeRight";
				INFOPLIST_KEY_UISupportedInterfaceOrientations_iPhone = "UIInterfaceOrientationPortrait UIInterfaceOrientationLandscapeLeft UIInterfaceOrientationLandscapeRight";
				LD_RUNPATH_SEARCH_PATHS = (
					"$(inherited)",
					"@executable_path/Frameworks",
				);
				MARKETING_VERSION = 1.0;
				PRODUCT_BUNDLE_IDENTIFIER = com.ozancicek.CustomAlertView;
				PRODUCT_NAME = "$(TARGET_NAME)";
				SWIFT_EMIT_LOC_STRINGS = YES;
				SWIFT_VERSION = 5.0;
				TARGETED_DEVICE_FAMILY = "1,2";
			};
			name = Debug;
		};
		3131F2DD2AF4345A0007FE96 /* Release */ = {
			isa = XCBuildConfiguration;
			buildSettings = {
				ASSETCATALOG_COMPILER_APPICON_NAME = AppIcon;
				ASSETCATALOG_COMPILER_GLOBAL_ACCENT_COLOR_NAME = AccentColor;
				CODE_SIGN_STYLE = Automatic;
				CURRENT_PROJECT_VERSION = 1;
				GENERATE_INFOPLIST_FILE = YES;
				INFOPLIST_FILE = CustomAlertView/Info.plist;
				INFOPLIST_KEY_UIApplicationSupportsIndirectInputEvents = YES;
				INFOPLIST_KEY_UILaunchStoryboardName = LaunchScreen;
				INFOPLIST_KEY_UIMainStoryboardFile = Main;
				INFOPLIST_KEY_UISupportedInterfaceOrientations_iPad = "UIInterfaceOrientationPortrait UIInterfaceOrientationPortraitUpsideDown UIInterfaceOrientationLandscapeLeft UIInterfaceOrientationLandscapeRight";
				INFOPLIST_KEY_UISupportedInterfaceOrientations_iPhone = "UIInterfaceOrientationPortrait UIInterfaceOrientationLandscapeLeft UIInterfaceOrientationLandscapeRight";
				LD_RUNPATH_SEARCH_PATHS = (
					"$(inherited)",
					"@executable_path/Frameworks",
				);
				MARKETING_VERSION = 1.0;
				PRODUCT_BUNDLE_IDENTIFIER = com.ozancicek.CustomAlertView;
				PRODUCT_NAME = "$(TARGET_NAME)";
				SWIFT_EMIT_LOC_STRINGS = YES;
				SWIFT_VERSION = 5.0;
				TARGETED_DEVICE_FAMILY = "1,2";
			};
			name = Release;
		};
		3131F2DF2AF4345A0007FE96 /* Debug */ = {
			isa = XCBuildConfiguration;
			buildSettings = {
				ALWAYS_EMBED_SWIFT_STANDARD_LIBRARIES = YES;
				BUNDLE_LOADER = "$(TEST_HOST)";
				CODE_SIGN_STYLE = Automatic;
				CURRENT_PROJECT_VERSION = 1;
				GENERATE_INFOPLIST_FILE = YES;
				IPHONEOS_DEPLOYMENT_TARGET = 17.0;
				MARKETING_VERSION = 1.0;
				PRODUCT_BUNDLE_IDENTIFIER = com.ozancicek.CustomAlertViewTests;
				PRODUCT_NAME = "$(TARGET_NAME)";
				SWIFT_EMIT_LOC_STRINGS = NO;
				SWIFT_VERSION = 5.0;
				TARGETED_DEVICE_FAMILY = "1,2";
				TEST_HOST = "$(BUILT_PRODUCTS_DIR)/CustomAlertView.app/$(BUNDLE_EXECUTABLE_FOLDER_PATH)/CustomAlertView";
			};
			name = Debug;
		};
		3131F2E02AF4345A0007FE96 /* Release */ = {
			isa = XCBuildConfiguration;
			buildSettings = {
				ALWAYS_EMBED_SWIFT_STANDARD_LIBRARIES = YES;
				BUNDLE_LOADER = "$(TEST_HOST)";
				CODE_SIGN_STYLE = Automatic;
				CURRENT_PROJECT_VERSION = 1;
				GENERATE_INFOPLIST_FILE = YES;
				IPHONEOS_DEPLOYMENT_TARGET = 17.0;
				MARKETING_VERSION = 1.0;
				PRODUCT_BUNDLE_IDENTIFIER = com.ozancicek.CustomAlertViewTests;
				PRODUCT_NAME = "$(TARGET_NAME)";
				SWIFT_EMIT_LOC_STRINGS = NO;
				SWIFT_VERSION = 5.0;
				TARGETED_DEVICE_FAMILY = "1,2";
				TEST_HOST = "$(BUILT_PRODUCTS_DIR)/CustomAlertView.app/$(BUNDLE_EXECUTABLE_FOLDER_PATH)/CustomAlertView";
			};
			name = Release;
		};
		3131F2E22AF4345A0007FE96 /* Debug */ = {
			isa = XCBuildConfiguration;
			buildSettings = {
				ALWAYS_EMBED_SWIFT_STANDARD_LIBRARIES = YES;
				CODE_SIGN_STYLE = Automatic;
				CURRENT_PROJECT_VERSION = 1;
				GENERATE_INFOPLIST_FILE = YES;
				MARKETING_VERSION = 1.0;
				PRODUCT_BUNDLE_IDENTIFIER = com.ozancicek.CustomAlertViewUITests;
				PRODUCT_NAME = "$(TARGET_NAME)";
				SWIFT_EMIT_LOC_STRINGS = NO;
				SWIFT_VERSION = 5.0;
				TARGETED_DEVICE_FAMILY = "1,2";
				TEST_TARGET_NAME = CustomAlertView;
			};
			name = Debug;
		};
		3131F2E32AF4345A0007FE96 /* Release */ = {
			isa = XCBuildConfiguration;
			buildSettings = {
				ALWAYS_EMBED_SWIFT_STANDARD_LIBRARIES = YES;
				CODE_SIGN_STYLE = Automatic;
				CURRENT_PROJECT_VERSION = 1;
				GENERATE_INFOPLIST_FILE = YES;
				MARKETING_VERSION = 1.0;
				PRODUCT_BUNDLE_IDENTIFIER = com.ozancicek.CustomAlertViewUITests;
				PRODUCT_NAME = "$(TARGET_NAME)";
				SWIFT_EMIT_LOC_STRINGS = NO;
				SWIFT_VERSION = 5.0;
				TARGETED_DEVICE_FAMILY = "1,2";
				TEST_TARGET_NAME = CustomAlertView;
			};
			name = Release;
		};
/* End XCBuildConfiguration section */

/* Begin XCConfigurationList section */
		3131F2AC2AF434590007FE96 /* Build configuration list for PBXProject "CustomAlertView" */ = {
			isa = XCConfigurationList;
			buildConfigurations = (
				3131F2D92AF4345A0007FE96 /* Debug */,
				3131F2DA2AF4345A0007FE96 /* Release */,
			);
			defaultConfigurationIsVisible = 0;
			defaultConfigurationName = Release;
		};
		3131F2DB2AF4345A0007FE96 /* Build configuration list for PBXNativeTarget "CustomAlertView" */ = {
			isa = XCConfigurationList;
			buildConfigurations = (
				3131F2DC2AF4345A0007FE96 /* Debug */,
				3131F2DD2AF4345A0007FE96 /* Release */,
			);
			defaultConfigurationIsVisible = 0;
			defaultConfigurationName = Release;
		};
		3131F2DE2AF4345A0007FE96 /* Build configuration list for PBXNativeTarget "CustomAlertViewTests" */ = {
			isa = XCConfigurationList;
			buildConfigurations = (
				3131F2DF2AF4345A0007FE96 /* Debug */,
				3131F2E02AF4345A0007FE96 /* Release */,
			);
			defaultConfigurationIsVisible = 0;
			defaultConfigurationName = Release;
		};
		3131F2E12AF4345A0007FE96 /* Build configuration list for PBXNativeTarget "CustomAlertViewUITests" */ = {
			isa = XCConfigurationList;
			buildConfigurations = (
				3131F2E22AF4345A0007FE96 /* Debug */,
				3131F2E32AF4345A0007FE96 /* Release */,
			);
			defaultConfigurationIsVisible = 0;
			defaultConfigurationName = Release;
		};
/* End XCConfigurationList section */
	};
	rootObject = 3131F2A92AF434590007FE96 /* Project object */;
}
